
Microsoft Visual Studio Solution File, Format Version 12.00
# Visual Studio Version 17
VisualStudioVersion = 17.7.34024.191
MinimumVisualStudioVersion = 10.0.40219.1
Project("{2150E333-8FDC-42A3-9474-1A3956D46DE8}") = "Task0", "Task0", "{9CCB38BA-A1D5-43ED-862E-E80D9D409A86}"
EndProject
Project("{FAE04EC0-301F-11D3-BF4B-00C04F79EFBC}") = "Tyuiu.EmelianovaKP.Sprint6.Task0.V6.Lib", "Tyuiu.EmelianovaKP.Sprint6.Task0.V6.Lib\Tyuiu.EmelianovaKP.Sprint6.Task0.V6.Lib.csproj", "{70EE1160-F38C-4A4E-A706-79CD8B668A18}"
EndProject
Project("{FAE04EC0-301F-11D3-BF4B-00C04F79EFBC}") = "Tyuiu.EmelianovaKP.Sprint6.Task0.V6.Test", "Tyuiu.EmelianovaKP.Sprint6.Task0.V6.Test\Tyuiu.EmelianovaKP.Sprint6.Task0.V6.Test.csproj", "{45FF1389-D05F-49BC-AF27-789973BBED69}"
EndProject
Project("{FAE04EC0-301F-11D3-BF4B-00C04F79EFBC}") = "Tyuiu.EmelianovaKP.Sprint6.Task0.V6", "Tyuiu.EmelianovaKP.Sprint6.Task0.V6\Tyuiu.EmelianovaKP.Sprint6.Task0.V6.csproj", "{6A714E15-831B-45F0-90F9-B82F73A60451}"
EndProject
Project("{2150E333-8FDC-42A3-9474-1A3956D46DE8}") = "Task1", "Task1", "{F5DD566D-8800-4FD5-93C6-21855EBD9BEA}"
EndProject
Project("{FAE04EC0-301F-11D3-BF4B-00C04F79EFBC}") = "Tyuiu.EmelianovaKP.Sprint6.Task1.V29.Test", "Tyuiu.EmelianovaKP.Sprint6.Task1.V29.Test\Tyuiu.EmelianovaKP.Sprint6.Task1.V29.Test.csproj", "{0A812405-8310-4559-8E9A-357DD60B5C9D}"
EndProject
Project("{FAE04EC0-301F-11D3-BF4B-00C04F79EFBC}") = "Tyuiu.EmelianovaKP.Sprint6.Task1.V29.Lib", "Tyuiu.EmelianovaKP.Sprint6.Task1.V29.Lib\Tyuiu.EmelianovaKP.Sprint6.Task1.V29.Lib.csproj", "{E1EC782E-2699-4C50-AC60-E0B1AD96EE0F}"
EndProject
Project("{FAE04EC0-301F-11D3-BF4B-00C04F79EFBC}") = "Tyuiu.EmelianovaKP.Sprint6.Task1.V29", "Tyuiu.EmelianovaKP.Sprint6.Task1.V29\Tyuiu.EmelianovaKP.Sprint6.Task1.V29.csproj", "{DB489F02-CFC2-4916-BA05-FA09A9BD3858}"
EndProject
Project("{2150E333-8FDC-42A3-9474-1A3956D46DE8}") = "Task2", "Task2", "{D5592899-7893-4A88-BD5B-F5A8D9142797}"
EndProject
Project("{FAE04EC0-301F-11D3-BF4B-00C04F79EFBC}") = "Tyuiu.EmelianovaKP.Sprint6.Task2.V10", "Tyuiu.EmelianovaKP.Sprint6.Task2.V10\Tyuiu.EmelianovaKP.Sprint6.Task2.V10.csproj", "{35628346-61C4-4CCA-937B-7F03A4C32642}"
EndProject
Project("{FAE04EC0-301F-11D3-BF4B-00C04F79EFBC}") = "Tyuiu.EmelianovaKP.Sprint6.Task2.V10.Lib", "Tyuiu.EmelianovaKP.Sprint6.Task2.V10.Lib\Tyuiu.EmelianovaKP.Sprint6.Task2.V10.Lib.csproj", "{154D990B-EB79-4B74-8A58-942B45B487B1}"
EndProject
Project("{FAE04EC0-301F-11D3-BF4B-00C04F79EFBC}") = "Tyuiu.EmelianovaKP.Sprint6.Task2.V10.Test", "Tyuiu.EmelianovaKP.Sprint6.Task2.V10.Test\Tyuiu.EmelianovaKP.Sprint6.Task2.V10.Test.csproj", "{05C4BB9C-CE20-4B2D-86A4-A83E8711C977}"
EndProject
Project("{2150E333-8FDC-42A3-9474-1A3956D46DE8}") = "Task3", "Task3", "{D9EE8A13-389A-4948-AE95-0C240B83DC2C}"
EndProject
Project("{FAE04EC0-301F-11D3-BF4B-00C04F79EFBC}") = "Tyuiu.EmelianovaKP.Sprint6.Task3.V25.Test", "Tyuiu.EmelianovaKP.Sprint6.Task3.V25.Test\Tyuiu.EmelianovaKP.Sprint6.Task3.V25.Test.csproj", "{E7946843-ADCD-49FE-8177-03C778AB64CE}"
EndProject
Project("{FAE04EC0-301F-11D3-BF4B-00C04F79EFBC}") = "Tyuiu.EmelianovaKP.Sprint6.Task3.V25.Lib", "Tyuiu.EmelianovaKP.Sprint6.Task3.V25.Lib\Tyuiu.EmelianovaKP.Sprint6.Task3.V25.Lib.csproj", "{FD1CD249-416E-4ADB-B351-7E0A00F0A84B}"
EndProject
Project("{FAE04EC0-301F-11D3-BF4B-00C04F79EFBC}") = "Tyuiu.EmelianovaKP.Sprint6.Task3.V25", "Tyuiu.EmelianovaKP.Sprint6.Task3.V25\Tyuiu.EmelianovaKP.Sprint6.Task3.V25.csproj", "{13F0A2C2-9F3E-4694-BA01-345360B3F97E}"
EndProject
Project("{2150E333-8FDC-42A3-9474-1A3956D46DE8}") = "Task4", "Task4", "{B089B651-9220-4FDD-995A-8E3C38ABA404}"
EndProject
Project("{FAE04EC0-301F-11D3-BF4B-00C04F79EFBC}") = "Tyuiu.EmelianovaKP.Sprint6.Task4.V8.Test", "Tyuiu.EmelianovaKP.Sprint6.Task4.V8.Test\Tyuiu.EmelianovaKP.Sprint6.Task4.V8.Test.csproj", "{0D79E997-0980-4721-8A81-413EF0A13784}"
EndProject
Project("{FAE04EC0-301F-11D3-BF4B-00C04F79EFBC}") = "Tyuiu.EmelianovaKP.Sprint6.Task4.V8.Lib", "Tyuiu.EmelianovaKP.Sprint6.Task4.V8.Lib\Tyuiu.EmelianovaKP.Sprint6.Task4.V8.Lib.csproj", "{DE8331BB-F2A1-40F2-A7F9-1BD90A2FF2DD}"
EndProject
Project("{FAE04EC0-301F-11D3-BF4B-00C04F79EFBC}") = "Tyuiu.EmelianovaKP.Sprint6.Task4.V8", "Tyuiu.EmelianovaKP.Sprint6.Task4.V8\Tyuiu.EmelianovaKP.Sprint6.Task4.V8.csproj", "{693680B4-720A-45B6-861A-65A5508C3966}"
EndProject
Project("{2150E333-8FDC-42A3-9474-1A3956D46DE8}") = "Task5", "Task5", "{43B12912-F49F-443C-A8C6-333585DDE5A0}"
EndProject
Project("{FAE04EC0-301F-11D3-BF4B-00C04F79EFBC}") = "Tyuiu.EmelianovaKP.Sprint6.Task5.V24", "Tyuiu.EmelianovaKP.Sprint6.Task5.V24\Tyuiu.EmelianovaKP.Sprint6.Task5.V24.csproj", "{BD0E6A99-ADBA-48BC-8104-853D39B38B65}"
EndProject
Project("{FAE04EC0-301F-11D3-BF4B-00C04F79EFBC}") = "Tyuiu.EmelianovaKP.Sprint6.Task5.V24.Test", "Tyuiu.EmelianovaKP.Sprint6.Task5.V24.Test\Tyuiu.EmelianovaKP.Sprint6.Task5.V24.Test.csproj", "{26174C2F-CD1D-44E6-810E-E1207310BC4A}"
EndProject
Project("{FAE04EC0-301F-11D3-BF4B-00C04F79EFBC}") = "Tyuiu.EmelianovaKP.Sprint6.Task5.V24.Lib", "Tyuiu.EmelianovaKP.Sprint6.Task5.V24.Lib\Tyuiu.EmelianovaKP.Sprint6.Task5.V24.Lib.csproj", "{5BB1CED3-710D-412C-B099-54B562DA39E4}"
EndProject
Project("{2150E333-8FDC-42A3-9474-1A3956D46DE8}") = "Task6", "Task6", "{07BF55AA-894C-48D3-8FAE-83E83F72D80B}"
EndProject
Project("{FAE04EC0-301F-11D3-BF4B-00C04F79EFBC}") = "Tyuiu.EmelianovaKP.Sprint6.Task6.V18.Lib", "Tyuiu.EmelianovaKP.Sprint6.Task6.V18.Lib\Tyuiu.EmelianovaKP.Sprint6.Task6.V18.Lib.csproj", "{73F4606C-B459-421F-880B-D0AD827ACFA7}"
EndProject
Project("{FAE04EC0-301F-11D3-BF4B-00C04F79EFBC}") = "Tyuiu.EmelianovaKP.Sprint6.Task6.V18.Test", "Tyuiu.EmelianovaKP.Sprint6.Task6.V18.Test\Tyuiu.EmelianovaKP.Sprint6.Task6.V18.Test.csproj", "{A69B6BD9-8AAB-4CF9-A7FB-C7038C3D837C}"
EndProject
Project("{FAE04EC0-301F-11D3-BF4B-00C04F79EFBC}") = "Tyuiu.EmelianovaKP.Sprint6.Task6.V18", "Tyuiu.EmelianovaKP.Sprint6.Task6.V18\Tyuiu.EmelianovaKP.Sprint6.Task6.V18.csproj", "{00B9716B-A05D-4D6F-A543-86A2AA1E3404}"
EndProject
Project("{2150E333-8FDC-42A3-9474-1A3956D46DE8}") = "Task7", "Task7", "{2BE4FF3B-5F19-4551-9736-40D9B59A6B0C}"
EndProject
Project("{FAE04EC0-301F-11D3-BF4B-00C04F79EFBC}") = "Tyuiu.EmelianovaKP.Sprint6.Task7.V18", "Tyuiu.EmelianovaKP.Sprint6.Task7.V18\Tyuiu.EmelianovaKP.Sprint6.Task7.V18.csproj", "{EA0CD42C-D491-4EFD-AC30-99920DE4D8A9}"
EndProject
Project("{FAE04EC0-301F-11D3-BF4B-00C04F79EFBC}") = "Tyuiu.EmelianovaKP.Sprint6.Task7.V18.Test", "Tyuiu.EmelianovaKP.Sprint6.Task7.V18.Test\Tyuiu.EmelianovaKP.Sprint6.Task7.V18.Test.csproj", "{6BF31E7C-24EF-428C-B9DF-A21832E2E33B}"
EndProject
Project("{FAE04EC0-301F-11D3-BF4B-00C04F79EFBC}") = "Tyuiu.EmelianovaKP.Sprint6.Task7.V18.Lib", "Tyuiu.EmelianovaKP.Sprint6.Task7.V18.Lib\Tyuiu.EmelianovaKP.Sprint6.Task7.V18.Lib.csproj", "{E852F3D1-E0DD-478E-8AF8-F44532FDF11C}"
EndProject
Global
	GlobalSection(SolutionConfigurationPlatforms) = preSolution
		Debug|Any CPU = Debug|Any CPU
		Release|Any CPU = Release|Any CPU
	EndGlobalSection
	GlobalSection(ProjectConfigurationPlatforms) = postSolution
		{70EE1160-F38C-4A4E-A706-79CD8B668A18}.Debug|Any CPU.ActiveCfg = Debug|Any CPU
		{70EE1160-F38C-4A4E-A706-79CD8B668A18}.Debug|Any CPU.Build.0 = Debug|Any CPU
		{70EE1160-F38C-4A4E-A706-79CD8B668A18}.Release|Any CPU.ActiveCfg = Release|Any CPU
		{70EE1160-F38C-4A4E-A706-79CD8B668A18}.Release|Any CPU.Build.0 = Release|Any CPU
		{45FF1389-D05F-49BC-AF27-789973BBED69}.Debug|Any CPU.ActiveCfg = Debug|Any CPU
		{45FF1389-D05F-49BC-AF27-789973BBED69}.Debug|Any CPU.Build.0 = Debug|Any CPU
		{45FF1389-D05F-49BC-AF27-789973BBED69}.Release|Any CPU.ActiveCfg = Release|Any CPU
		{45FF1389-D05F-49BC-AF27-789973BBED69}.Release|Any CPU.Build.0 = Release|Any CPU
		{6A714E15-831B-45F0-90F9-B82F73A60451}.Debug|Any CPU.ActiveCfg = Debug|Any CPU
		{6A714E15-831B-45F0-90F9-B82F73A60451}.Debug|Any CPU.Build.0 = Debug|Any CPU
		{6A714E15-831B-45F0-90F9-B82F73A60451}.Release|Any CPU.ActiveCfg = Release|Any CPU
		{6A714E15-831B-45F0-90F9-B82F73A60451}.Release|Any CPU.Build.0 = Release|Any CPU
		{0A812405-8310-4559-8E9A-357DD60B5C9D}.Debug|Any CPU.ActiveCfg = Debug|Any CPU
		{0A812405-8310-4559-8E9A-357DD60B5C9D}.Debug|Any CPU.Build.0 = Debug|Any CPU
		{0A812405-8310-4559-8E9A-357DD60B5C9D}.Release|Any CPU.ActiveCfg = Release|Any CPU
		{0A812405-8310-4559-8E9A-357DD60B5C9D}.Release|Any CPU.Build.0 = Release|Any CPU
		{E1EC782E-2699-4C50-AC60-E0B1AD96EE0F}.Debug|Any CPU.ActiveCfg = Debug|Any CPU
		{E1EC782E-2699-4C50-AC60-E0B1AD96EE0F}.Debug|Any CPU.Build.0 = Debug|Any CPU
		{E1EC782E-2699-4C50-AC60-E0B1AD96EE0F}.Release|Any CPU.ActiveCfg = Release|Any CPU
		{E1EC782E-2699-4C50-AC60-E0B1AD96EE0F}.Release|Any CPU.Build.0 = Release|Any CPU
		{DB489F02-CFC2-4916-BA05-FA09A9BD3858}.Debug|Any CPU.ActiveCfg = Debug|Any CPU
		{DB489F02-CFC2-4916-BA05-FA09A9BD3858}.Debug|Any CPU.Build.0 = Debug|Any CPU
		{DB489F02-CFC2-4916-BA05-FA09A9BD3858}.Release|Any CPU.ActiveCfg = Release|Any CPU
		{DB489F02-CFC2-4916-BA05-FA09A9BD3858}.Release|Any CPU.Build.0 = Release|Any CPU
		{35628346-61C4-4CCA-937B-7F03A4C32642}.Debug|Any CPU.ActiveCfg = Debug|Any CPU
		{35628346-61C4-4CCA-937B-7F03A4C32642}.Debug|Any CPU.Build.0 = Debug|Any CPU
		{35628346-61C4-4CCA-937B-7F03A4C32642}.Release|Any CPU.ActiveCfg = Release|Any CPU
		{35628346-61C4-4CCA-937B-7F03A4C32642}.Release|Any CPU.Build.0 = Release|Any CPU
		{154D990B-EB79-4B74-8A58-942B45B487B1}.Debug|Any CPU.ActiveCfg = Debug|Any CPU
		{154D990B-EB79-4B74-8A58-942B45B487B1}.Debug|Any CPU.Build.0 = Debug|Any CPU
		{154D990B-EB79-4B74-8A58-942B45B487B1}.Release|Any CPU.ActiveCfg = Release|Any CPU
		{154D990B-EB79-4B74-8A58-942B45B487B1}.Release|Any CPU.Build.0 = Release|Any CPU
		{05C4BB9C-CE20-4B2D-86A4-A83E8711C977}.Debug|Any CPU.ActiveCfg = Debug|Any CPU
		{05C4BB9C-CE20-4B2D-86A4-A83E8711C977}.Debug|Any CPU.Build.0 = Debug|Any CPU
		{05C4BB9C-CE20-4B2D-86A4-A83E8711C977}.Release|Any CPU.ActiveCfg = Release|Any CPU
		{05C4BB9C-CE20-4B2D-86A4-A83E8711C977}.Release|Any CPU.Build.0 = Release|Any CPU
		{E7946843-ADCD-49FE-8177-03C778AB64CE}.Debug|Any CPU.ActiveCfg = Debug|Any CPU
		{E7946843-ADCD-49FE-8177-03C778AB64CE}.Debug|Any CPU.Build.0 = Debug|Any CPU
		{E7946843-ADCD-49FE-8177-03C778AB64CE}.Release|Any CPU.ActiveCfg = Release|Any CPU
		{E7946843-ADCD-49FE-8177-03C778AB64CE}.Release|Any CPU.Build.0 = Release|Any CPU
		{FD1CD249-416E-4ADB-B351-7E0A00F0A84B}.Debug|Any CPU.ActiveCfg = Debug|Any CPU
		{FD1CD249-416E-4ADB-B351-7E0A00F0A84B}.Debug|Any CPU.Build.0 = Debug|Any CPU
		{FD1CD249-416E-4ADB-B351-7E0A00F0A84B}.Release|Any CPU.ActiveCfg = Release|Any CPU
		{FD1CD249-416E-4ADB-B351-7E0A00F0A84B}.Release|Any CPU.Build.0 = Release|Any CPU
		{13F0A2C2-9F3E-4694-BA01-345360B3F97E}.Debug|Any CPU.ActiveCfg = Debug|Any CPU
		{13F0A2C2-9F3E-4694-BA01-345360B3F97E}.Debug|Any CPU.Build.0 = Debug|Any CPU
		{13F0A2C2-9F3E-4694-BA01-345360B3F97E}.Release|Any CPU.ActiveCfg = Release|Any CPU
		{13F0A2C2-9F3E-4694-BA01-345360B3F97E}.Release|Any CPU.Build.0 = Release|Any CPU
		{0D79E997-0980-4721-8A81-413EF0A13784}.Debug|Any CPU.ActiveCfg = Debug|Any CPU
		{0D79E997-0980-4721-8A81-413EF0A13784}.Debug|Any CPU.Build.0 = Debug|Any CPU
		{0D79E997-0980-4721-8A81-413EF0A13784}.Release|Any CPU.ActiveCfg = Release|Any CPU
		{0D79E997-0980-4721-8A81-413EF0A13784}.Release|Any CPU.Build.0 = Release|Any CPU
		{DE8331BB-F2A1-40F2-A7F9-1BD90A2FF2DD}.Debug|Any CPU.ActiveCfg = Debug|Any CPU
		{DE8331BB-F2A1-40F2-A7F9-1BD90A2FF2DD}.Debug|Any CPU.Build.0 = Debug|Any CPU
		{DE8331BB-F2A1-40F2-A7F9-1BD90A2FF2DD}.Release|Any CPU.ActiveCfg = Release|Any CPU
		{DE8331BB-F2A1-40F2-A7F9-1BD90A2FF2DD}.Release|Any CPU.Build.0 = Release|Any CPU
		{693680B4-720A-45B6-861A-65A5508C3966}.Debug|Any CPU.ActiveCfg = Debug|Any CPU
		{693680B4-720A-45B6-861A-65A5508C3966}.Debug|Any CPU.Build.0 = Debug|Any CPU
		{693680B4-720A-45B6-861A-65A5508C3966}.Release|Any CPU.ActiveCfg = Release|Any CPU
		{693680B4-720A-45B6-861A-65A5508C3966}.Release|Any CPU.Build.0 = Release|Any CPU
		{BD0E6A99-ADBA-48BC-8104-853D39B38B65}.Debug|Any CPU.ActiveCfg = Debug|Any CPU
		{BD0E6A99-ADBA-48BC-8104-853D39B38B65}.Debug|Any CPU.Build.0 = Debug|Any CPU
		{BD0E6A99-ADBA-48BC-8104-853D39B38B65}.Release|Any CPU.ActiveCfg = Release|Any CPU
		{BD0E6A99-ADBA-48BC-8104-853D39B38B65}.Release|Any CPU.Build.0 = Release|Any CPU
		{26174C2F-CD1D-44E6-810E-E1207310BC4A}.Debug|Any CPU.ActiveCfg = Debug|Any CPU
		{26174C2F-CD1D-44E6-810E-E1207310BC4A}.Debug|Any CPU.Build.0 = Debug|Any CPU
		{26174C2F-CD1D-44E6-810E-E1207310BC4A}.Release|Any CPU.ActiveCfg = Release|Any CPU
		{26174C2F-CD1D-44E6-810E-E1207310BC4A}.Release|Any CPU.Build.0 = Release|Any CPU
		{5BB1CED3-710D-412C-B099-54B562DA39E4}.Debug|Any CPU.ActiveCfg = Debug|Any CPU
		{5BB1CED3-710D-412C-B099-54B562DA39E4}.Debug|Any CPU.Build.0 = Debug|Any CPU
		{5BB1CED3-710D-412C-B099-54B562DA39E4}.Release|Any CPU.ActiveCfg = Release|Any CPU
		{5BB1CED3-710D-412C-B099-54B562DA39E4}.Release|Any CPU.Build.0 = Release|Any CPU
		{73F4606C-B459-421F-880B-D0AD827ACFA7}.Debug|Any CPU.ActiveCfg = Debug|Any CPU
		{73F4606C-B459-421F-880B-D0AD827ACFA7}.Debug|Any CPU.Build.0 = Debug|Any CPU
		{73F4606C-B459-421F-880B-D0AD827ACFA7}.Release|Any CPU.ActiveCfg = Release|Any CPU
		{73F4606C-B459-421F-880B-D0AD827ACFA7}.Release|Any CPU.Build.0 = Release|Any CPU
		{A69B6BD9-8AAB-4CF9-A7FB-C7038C3D837C}.Debug|Any CPU.ActiveCfg = Debug|Any CPU
		{A69B6BD9-8AAB-4CF9-A7FB-C7038C3D837C}.Debug|Any CPU.Build.0 = Debug|Any CPU
		{A69B6BD9-8AAB-4CF9-A7FB-C7038C3D837C}.Release|Any CPU.ActiveCfg = Release|Any CPU
		{A69B6BD9-8AAB-4CF9-A7FB-C7038C3D837C}.Release|Any CPU.Build.0 = Release|Any CPU
		{00B9716B-A05D-4D6F-A543-86A2AA1E3404}.Debug|Any CPU.ActiveCfg = Debug|Any CPU
		{00B9716B-A05D-4D6F-A543-86A2AA1E3404}.Debug|Any CPU.Build.0 = Debug|Any CPU
		{00B9716B-A05D-4D6F-A543-86A2AA1E3404}.Release|Any CPU.ActiveCfg = Release|Any CPU
		{00B9716B-A05D-4D6F-A543-86A2AA1E3404}.Release|Any CPU.Build.0 = Release|Any CPU
		{EA0CD42C-D491-4EFD-AC30-99920DE4D8A9}.Debug|Any CPU.ActiveCfg = Debug|Any CPU
		{EA0CD42C-D491-4EFD-AC30-99920DE4D8A9}.Debug|Any CPU.Build.0 = Debug|Any CPU
		{EA0CD42C-D491-4EFD-AC30-99920DE4D8A9}.Release|Any CPU.ActiveCfg = Release|Any CPU
		{EA0CD42C-D491-4EFD-AC30-99920DE4D8A9}.Release|Any CPU.Build.0 = Release|Any CPU
		{6BF31E7C-24EF-428C-B9DF-A21832E2E33B}.Debug|Any CPU.ActiveCfg = Debug|Any CPU
		{6BF31E7C-24EF-428C-B9DF-A21832E2E33B}.Debug|Any CPU.Build.0 = Debug|Any CPU
		{6BF31E7C-24EF-428C-B9DF-A21832E2E33B}.Release|Any CPU.ActiveCfg = Release|Any CPU
		{6BF31E7C-24EF-428C-B9DF-A21832E2E33B}.Release|Any CPU.Build.0 = Release|Any CPU
		{E852F3D1-E0DD-478E-8AF8-F44532FDF11C}.Debug|Any CPU.ActiveCfg = Debug|Any CPU
		{E852F3D1-E0DD-478E-8AF8-F44532FDF11C}.Debug|Any CPU.Build.0 = Debug|Any CPU
		{E852F3D1-E0DD-478E-8AF8-F44532FDF11C}.Release|Any CPU.ActiveCfg = Release|Any CPU
		{E852F3D1-E0DD-478E-8AF8-F44532FDF11C}.Release|Any CPU.Build.0 = Release|Any CPU
	EndGlobalSection
	GlobalSection(SolutionProperties) = preSolution
		HideSolutionNode = FALSE
	EndGlobalSection
	GlobalSection(NestedProjects) = preSolution
		{70EE1160-F38C-4A4E-A706-79CD8B668A18} = {9CCB38BA-A1D5-43ED-862E-E80D9D409A86}
		{45FF1389-D05F-49BC-AF27-789973BBED69} = {9CCB38BA-A1D5-43ED-862E-E80D9D409A86}
		{6A714E15-831B-45F0-90F9-B82F73A60451} = {9CCB38BA-A1D5-43ED-862E-E80D9D409A86}
		{0A812405-8310-4559-8E9A-357DD60B5C9D} = {F5DD566D-8800-4FD5-93C6-21855EBD9BEA}
		{E1EC782E-2699-4C50-AC60-E0B1AD96EE0F} = {F5DD566D-8800-4FD5-93C6-21855EBD9BEA}
		{DB489F02-CFC2-4916-BA05-FA09A9BD3858} = {F5DD566D-8800-4FD5-93C6-21855EBD9BEA}
		{35628346-61C4-4CCA-937B-7F03A4C32642} = {D5592899-7893-4A88-BD5B-F5A8D9142797}
		{154D990B-EB79-4B74-8A58-942B45B487B1} = {D5592899-7893-4A88-BD5B-F5A8D9142797}
		{05C4BB9C-CE20-4B2D-86A4-A83E8711C977} = {D5592899-7893-4A88-BD5B-F5A8D9142797}
		{E7946843-ADCD-49FE-8177-03C778AB64CE} = {D9EE8A13-389A-4948-AE95-0C240B83DC2C}
		{FD1CD249-416E-4ADB-B351-7E0A00F0A84B} = {D9EE8A13-389A-4948-AE95-0C240B83DC2C}
		{13F0A2C2-9F3E-4694-BA01-345360B3F97E} = {D9EE8A13-389A-4948-AE95-0C240B83DC2C}
		{0D79E997-0980-4721-8A81-413EF0A13784} = {B089B651-9220-4FDD-995A-8E3C38ABA404}
		{DE8331BB-F2A1-40F2-A7F9-1BD90A2FF2DD} = {B089B651-9220-4FDD-995A-8E3C38ABA404}
		{693680B4-720A-45B6-861A-65A5508C3966} = {B089B651-9220-4FDD-995A-8E3C38ABA404}
		{BD0E6A99-ADBA-48BC-8104-853D39B38B65} = {43B12912-F49F-443C-A8C6-333585DDE5A0}
		{26174C2F-CD1D-44E6-810E-E1207310BC4A} = {43B12912-F49F-443C-A8C6-333585DDE5A0}
		{5BB1CED3-710D-412C-B099-54B562DA39E4} = {43B12912-F49F-443C-A8C6-333585DDE5A0}
		{73F4606C-B459-421F-880B-D0AD827ACFA7} = {07BF55AA-894C-48D3-8FAE-83E83F72D80B}
		{A69B6BD9-8AAB-4CF9-A7FB-C7038C3D837C} = {07BF55AA-894C-48D3-8FAE-83E83F72D80B}
		{00B9716B-A05D-4D6F-A543-86A2AA1E3404} = {07BF55AA-894C-48D3-8FAE-83E83F72D80B}
		{EA0CD42C-D491-4EFD-AC30-99920DE4D8A9} = {2BE4FF3B-5F19-4551-9736-40D9B59A6B0C}
		{6BF31E7C-24EF-428C-B9DF-A21832E2E33B} = {2BE4FF3B-5F19-4551-9736-40D9B59A6B0C}
		{E852F3D1-E0DD-478E-8AF8-F44532FDF11C} = {2BE4FF3B-5F19-4551-9736-40D9B59A6B0C}
	EndGlobalSection
	GlobalSection(ExtensibilityGlobals) = postSolution
		SolutionGuid = {317038EA-31BB-4DC7-A62B-A40B16ABCFE5}
	EndGlobalSection
EndGlobal
