
Microsoft Visual Studio Solution File, Format Version 12.00
# Visual Studio Version 17
VisualStudioVersion = 17.7.34024.191
MinimumVisualStudioVersion = 10.0.40219.1
Project("{2150E333-8FDC-42A3-9474-1A3956D46DE8}") = "Task0", "Task0", "{9CCB38BA-A1D5-43ED-862E-E80D9D409A86}"
EndProject
Project("{FAE04EC0-301F-11D3-BF4B-00C04F79EFBC}") = "Tyuiu.EmelianovaKP.Sprint6.Task0.V6.Lib", "Tyuiu.EmelianovaKP.Sprint6.Task0.V6.Lib\Tyuiu.EmelianovaKP.Sprint6.Task0.V6.Lib.csproj", "{70EE1160-F38C-4A4E-A706-79CD8B668A18}"
EndProject
Project("{FAE04EC0-301F-11D3-BF4B-00C04F79EFBC}") = "Tyuiu.EmelianovaKP.Sprint6.Task0.V6.Test", "Tyuiu.EmelianovaKP.Sprint6.Task0.V6.Test\Tyuiu.EmelianovaKP.Sprint6.Task0.V6.Test.csproj", "{45FF1389-D05F-49BC-AF27-789973BBED69}"
EndProject
Project("{FAE04EC0-301F-11D3-BF4B-00C04F79EFBC}") = "Tyuiu.EmelianovaKP.Sprint6.Task0.V6", "Tyuiu.EmelianovaKP.Sprint6.Task0.V6\Tyuiu.EmelianovaKP.Sprint6.Task0.V6.csproj", "{6A714E15-831B-45F0-90F9-B82F73A60451}"
EndProject
Project("{2150E333-8FDC-42A3-9474-1A3956D46DE8}") = "Task1", "Task1", "{F5DD566D-8800-4FD5-93C6-21855EBD9BEA}"
EndProject
Project("{FAE04EC0-301F-11D3-BF4B-00C04F79EFBC}") = "Tyuiu.EmelianovaKP.Sprint6.Task1.V29.Test", "Tyuiu.EmelianovaKP.Sprint6.Task1.V29.Test\Tyuiu.EmelianovaKP.Sprint6.Task1.V29.Test.csproj", "{0A812405-8310-4559-8E9A-357DD60B5C9D}"
EndProject
Project("{FAE04EC0-301F-11D3-BF4B-00C04F79EFBC}") = "Tyuiu.EmelianovaKP.Sprint6.Task1.V29.Lib", "Tyuiu.EmelianovaKP.Sprint6.Task1.V29.Lib\Tyuiu.EmelianovaKP.Sprint6.Task1.V29.Lib.csproj", "{E1EC782E-2699-4C50-AC60-E0B1AD96EE0F}"
EndProject
Project("{FAE04EC0-301F-11D3-BF4B-00C04F79EFBC}") = "Tyuiu.EmelianovaKP.Sprint6.Task1.V29", "Tyuiu.EmelianovaKP.Sprint6.Task1.V29\Tyuiu.EmelianovaKP.Sprint6.Task1.V29.csproj", "{DB489F02-CFC2-4916-BA05-FA09A9BD3858}"
EndProject
Project("{2150E333-8FDC-42A3-9474-1A3956D46DE8}") = "Task2", "Task2", "{D5592899-7893-4A88-BD5B-F5A8D9142797}"
EndProject
Project("{FAE04EC0-301F-11D3-BF4B-00C04F79EFBC}") = "Tyuiu.EmelianovaKP.Sprint6.Task2.V10", "Tyuiu.EmelianovaKP.Sprint6.Task2.V10\Tyuiu.EmelianovaKP.Sprint6.Task2.V10.csproj", "{35628346-61C4-4CCA-937B-7F03A4C32642}"
EndProject
Project("{FAE04EC0-301F-11D3-BF4B-00C04F79EFBC}") = "Tyuiu.EmelianovaKP.Sprint6.Task2.V10.Lib", "Tyuiu.EmelianovaKP.Sprint6.Task2.V10.Lib\Tyuiu.EmelianovaKP.Sprint6.Task2.V10.Lib.csproj", "{154D990B-EB79-4B74-8A58-942B45B487B1}"
EndProject
Project("{FAE04EC0-301F-11D3-BF4B-00C04F79EFBC}") = "Tyuiu.EmelianovaKP.Sprint6.Task2.V10.Test", "Tyuiu.EmelianovaKP.Sprint6.Task2.V10.Test\Tyuiu.EmelianovaKP.Sprint6.Task2.V10.Test.csproj", "{05C4BB9C-CE20-4B2D-86A4-A83E8711C977}"
EndProject
Project("{2150E333-8FDC-42A3-9474-1A3956D46DE8}") = "Task3", "Task3", "{D9EE8A13-389A-4948-AE95-0C240B83DC2C}"
EndProject
Project("{FAE04EC0-301F-11D3-BF4B-00C04F79EFBC}") = "Tyuiu.EmelianovaKP.Sprint6.Task3.V25.Test", "Tyuiu.EmelianovaKP.Sprint6.Task3.V25.Test\Tyuiu.EmelianovaKP.Sprint6.Task3.V25.Test.csproj", "{F5EE4153-8883-4154-9E4E-F17677B46B9C}"
EndProject
Project("{FAE04EC0-301F-11D3-BF4B-00C04F79EFBC}") = "Tyuiu.EmelianovaKP.Sprint6.Task3.V25.Lib", "Tyuiu.EmelianovaKP.Sprint6.Task3.V25.Lib\Tyuiu.EmelianovaKP.Sprint6.Task3.V25.Lib.csproj", "{D8684E08-ED85-4FF5-B0B1-B4D7040A94A5}"
EndProject
Project("{FAE04EC0-301F-11D3-BF4B-00C04F79EFBC}") = "Tyuiu.EmelianovaKP.Sprint6.Task3.V25", "Tyuiu.EmelianovaKP.Sprint6.Task3.V25\Tyuiu.EmelianovaKP.Sprint6.Task3.V25.csproj", "{EED00DBE-D07F-483F-AACD-4193C5CDA8D0}"
EndProject
Global
	GlobalSection(SolutionConfigurationPlatforms) = preSolution
		Debug|Any CPU = Debug|Any CPU
		Release|Any CPU = Release|Any CPU
	EndGlobalSection
	GlobalSection(ProjectConfigurationPlatforms) = postSolution
		{70EE1160-F38C-4A4E-A706-79CD8B668A18}.Debug|Any CPU.ActiveCfg = Debug|Any CPU
		{70EE1160-F38C-4A4E-A706-79CD8B668A18}.Debug|Any CPU.Build.0 = Debug|Any CPU
		{70EE1160-F38C-4A4E-A706-79CD8B668A18}.Release|Any CPU.ActiveCfg = Release|Any CPU
		{70EE1160-F38C-4A4E-A706-79CD8B668A18}.Release|Any CPU.Build.0 = Release|Any CPU
		{45FF1389-D05F-49BC-AF27-789973BBED69}.Debug|Any CPU.ActiveCfg = Debug|Any CPU
		{45FF1389-D05F-49BC-AF27-789973BBED69}.Debug|Any CPU.Build.0 = Debug|Any CPU
		{45FF1389-D05F-49BC-AF27-789973BBED69}.Release|Any CPU.ActiveCfg = Release|Any CPU
		{45FF1389-D05F-49BC-AF27-789973BBED69}.Release|Any CPU.Build.0 = Release|Any CPU
		{6A714E15-831B-45F0-90F9-B82F73A60451}.Debug|Any CPU.ActiveCfg = Debug|Any CPU
		{6A714E15-831B-45F0-90F9-B82F73A60451}.Debug|Any CPU.Build.0 = Debug|Any CPU
		{6A714E15-831B-45F0-90F9-B82F73A60451}.Release|Any CPU.ActiveCfg = Release|Any CPU
		{6A714E15-831B-45F0-90F9-B82F73A60451}.Release|Any CPU.Build.0 = Release|Any CPU
		{0A812405-8310-4559-8E9A-357DD60B5C9D}.Debug|Any CPU.ActiveCfg = Debug|Any CPU
		{0A812405-8310-4559-8E9A-357DD60B5C9D}.Debug|Any CPU.Build.0 = Debug|Any CPU
		{0A812405-8310-4559-8E9A-357DD60B5C9D}.Release|Any CPU.ActiveCfg = Release|Any CPU
		{0A812405-8310-4559-8E9A-357DD60B5C9D}.Release|Any CPU.Build.0 = Release|Any CPU
		{E1EC782E-2699-4C50-AC60-E0B1AD96EE0F}.Debug|Any CPU.ActiveCfg = Debug|Any CPU
		{E1EC782E-2699-4C50-AC60-E0B1AD96EE0F}.Debug|Any CPU.Build.0 = Debug|Any CPU
		{E1EC782E-2699-4C50-AC60-E0B1AD96EE0F}.Release|Any CPU.ActiveCfg = Release|Any CPU
		{E1EC782E-2699-4C50-AC60-E0B1AD96EE0F}.Release|Any CPU.Build.0 = Release|Any CPU
		{DB489F02-CFC2-4916-BA05-FA09A9BD3858}.Debug|Any CPU.ActiveCfg = Debug|Any CPU
		{DB489F02-CFC2-4916-BA05-FA09A9BD3858}.Debug|Any CPU.Build.0 = Debug|Any CPU
		{DB489F02-CFC2-4916-BA05-FA09A9BD3858}.Release|Any CPU.ActiveCfg = Release|Any CPU
		{DB489F02-CFC2-4916-BA05-FA09A9BD3858}.Release|Any CPU.Build.0 = Release|Any CPU
		{35628346-61C4-4CCA-937B-7F03A4C32642}.Debug|Any CPU.ActiveCfg = Debug|Any CPU
		{35628346-61C4-4CCA-937B-7F03A4C32642}.Debug|Any CPU.Build.0 = Debug|Any CPU
		{35628346-61C4-4CCA-937B-7F03A4C32642}.Release|Any CPU.ActiveCfg = Release|Any CPU
		{35628346-61C4-4CCA-937B-7F03A4C32642}.Release|Any CPU.Build.0 = Release|Any CPU
		{154D990B-EB79-4B74-8A58-942B45B487B1}.Debug|Any CPU.ActiveCfg = Debug|Any CPU
		{154D990B-EB79-4B74-8A58-942B45B487B1}.Debug|Any CPU.Build.0 = Debug|Any CPU
		{154D990B-EB79-4B74-8A58-942B45B487B1}.Release|Any CPU.ActiveCfg = Release|Any CPU
		{154D990B-EB79-4B74-8A58-942B45B487B1}.Release|Any CPU.Build.0 = Release|Any CPU
		{05C4BB9C-CE20-4B2D-86A4-A83E8711C977}.Debug|Any CPU.ActiveCfg = Debug|Any CPU
		{05C4BB9C-CE20-4B2D-86A4-A83E8711C977}.Debug|Any CPU.Build.0 = Debug|Any CPU
		{05C4BB9C-CE20-4B2D-86A4-A83E8711C977}.Release|Any CPU.ActiveCfg = Release|Any CPU
		{05C4BB9C-CE20-4B2D-86A4-A83E8711C977}.Release|Any CPU.Build.0 = Release|Any CPU
		{F5EE4153-8883-4154-9E4E-F17677B46B9C}.Debug|Any CPU.ActiveCfg = Debug|Any CPU
		{F5EE4153-8883-4154-9E4E-F17677B46B9C}.Debug|Any CPU.Build.0 = Debug|Any CPU
		{F5EE4153-8883-4154-9E4E-F17677B46B9C}.Release|Any CPU.ActiveCfg = Release|Any CPU
		{F5EE4153-8883-4154-9E4E-F17677B46B9C}.Release|Any CPU.Build.0 = Release|Any CPU
		{D8684E08-ED85-4FF5-B0B1-B4D7040A94A5}.Debug|Any CPU.ActiveCfg = Debug|Any CPU
		{D8684E08-ED85-4FF5-B0B1-B4D7040A94A5}.Debug|Any CPU.Build.0 = Debug|Any CPU
		{D8684E08-ED85-4FF5-B0B1-B4D7040A94A5}.Release|Any CPU.ActiveCfg = Release|Any CPU
		{D8684E08-ED85-4FF5-B0B1-B4D7040A94A5}.Release|Any CPU.Build.0 = Release|Any CPU
		{EED00DBE-D07F-483F-AACD-4193C5CDA8D0}.Debug|Any CPU.ActiveCfg = Debug|Any CPU
		{EED00DBE-D07F-483F-AACD-4193C5CDA8D0}.Debug|Any CPU.Build.0 = Debug|Any CPU
		{EED00DBE-D07F-483F-AACD-4193C5CDA8D0}.Release|Any CPU.ActiveCfg = Release|Any CPU
		{EED00DBE-D07F-483F-AACD-4193C5CDA8D0}.Release|Any CPU.Build.0 = Release|Any CPU
	EndGlobalSection
	GlobalSection(SolutionProperties) = preSolution
		HideSolutionNode = FALSE
	EndGlobalSection
	GlobalSection(NestedProjects) = preSolution
		{70EE1160-F38C-4A4E-A706-79CD8B668A18} = {9CCB38BA-A1D5-43ED-862E-E80D9D409A86}
		{45FF1389-D05F-49BC-AF27-789973BBED69} = {9CCB38BA-A1D5-43ED-862E-E80D9D409A86}
		{6A714E15-831B-45F0-90F9-B82F73A60451} = {9CCB38BA-A1D5-43ED-862E-E80D9D409A86}
		{0A812405-8310-4559-8E9A-357DD60B5C9D} = {F5DD566D-8800-4FD5-93C6-21855EBD9BEA}
		{E1EC782E-2699-4C50-AC60-E0B1AD96EE0F} = {F5DD566D-8800-4FD5-93C6-21855EBD9BEA}
		{DB489F02-CFC2-4916-BA05-FA09A9BD3858} = {F5DD566D-8800-4FD5-93C6-21855EBD9BEA}
		{35628346-61C4-4CCA-937B-7F03A4C32642} = {D5592899-7893-4A88-BD5B-F5A8D9142797}
		{154D990B-EB79-4B74-8A58-942B45B487B1} = {D5592899-7893-4A88-BD5B-F5A8D9142797}
		{05C4BB9C-CE20-4B2D-86A4-A83E8711C977} = {D5592899-7893-4A88-BD5B-F5A8D9142797}
		{F5EE4153-8883-4154-9E4E-F17677B46B9C} = {D9EE8A13-389A-4948-AE95-0C240B83DC2C}
		{D8684E08-ED85-4FF5-B0B1-B4D7040A94A5} = {D9EE8A13-389A-4948-AE95-0C240B83DC2C}
		{EED00DBE-D07F-483F-AACD-4193C5CDA8D0} = {D9EE8A13-389A-4948-AE95-0C240B83DC2C}
	EndGlobalSection
	GlobalSection(ExtensibilityGlobals) = postSolution
		SolutionGuid = {317038EA-31BB-4DC7-A62B-A40B16ABCFE5}
	EndGlobalSection
EndGlobal
